
Microsoft Visual Studio Solution File, Format Version 12.00
# Visual Studio 15
VisualStudioVersion = 15.0.26730.16
MinimumVisualStudioVersion = 10.0.40219.1
Project("{9092AA53-FB77-4645-B42D-1CCCA6BD08BD}") = "screeps-typescript", "screeps-typescript.njsproj", "{273C9CC4-1CA9-436B-8BF9-1B286F0206A8}"
EndProject
Global
	GlobalSection(SolutionConfigurationPlatforms) = preSolution
		Debug|Any CPU = Debug|Any CPU
		Release|Any CPU = Release|Any CPU
	EndGlobalSection
	GlobalSection(ProjectConfigurationPlatforms) = postSolution
		{273C9CC4-1CA9-436B-8BF9-1B286F0206A8}.Debug|Any CPU.ActiveCfg = Debug|Any CPU
		{273C9CC4-1CA9-436B-8BF9-1B286F0206A8}.Debug|Any CPU.Build.0 = Debug|Any CPU
		{273C9CC4-1CA9-436B-8BF9-1B286F0206A8}.Release|Any CPU.ActiveCfg = Release|Any CPU
		{273C9CC4-1CA9-436B-8BF9-1B286F0206A8}.Release|Any CPU.Build.0 = Release|Any CPU
	EndGlobalSection
	GlobalSection(SolutionProperties) = preSolution
		HideSolutionNode = FALSE
	EndGlobalSection
	GlobalSection(ExtensibilityGlobals) = postSolution
		SolutionGuid = {4AD12F07-135D-4945-8437-74850FAC9221}
	EndGlobalSection
EndGlobal
